// !$*UTF8*$!
{
	archiveVersion = 1;
	classes = {
	};
	objectVersion = 46;
	objects = {

/* Begin PBXBuildFile section */
		10A537F81A966B1E00FC75C3 /* AppDelegate.swift in Sources */ = {isa = PBXBuildFile; fileRef = 10A537F71A966B1E00FC75C3 /* AppDelegate.swift */; };
		10A537FA1A966B1E00FC75C3 /* ViewController.swift in Sources */ = {isa = PBXBuildFile; fileRef = 10A537F91A966B1E00FC75C3 /* ViewController.swift */; };
		10A537FD1A966B1E00FC75C3 /* Main.storyboard in Resources */ = {isa = PBXBuildFile; fileRef = 10A537FB1A966B1E00FC75C3 /* Main.storyboard */; };
		10A537FF1A966B1E00FC75C3 /* Images.xcassets in Resources */ = {isa = PBXBuildFile; fileRef = 10A537FE1A966B1E00FC75C3 /* Images.xcassets */; };
		10A538021A966B1E00FC75C3 /* LaunchScreen.xib in Resources */ = {isa = PBXBuildFile; fileRef = 10A538001A966B1E00FC75C3 /* LaunchScreen.xib */; };
		10A5380E1A966B1E00FC75C3 /* MailboxishTests.swift in Sources */ = {isa = PBXBuildFile; fileRef = 10A5380D1A966B1E00FC75C3 /* MailboxishTests.swift */; };
		10A538181A966B8D00FC75C3 /* MailboxViewController.swift in Sources */ = {isa = PBXBuildFile; fileRef = 10A538171A966B8D00FC75C3 /* MailboxViewController.swift */; };
/* End PBXBuildFile section */

/* Begin PBXContainerItemProxy section */
		10A538081A966B1E00FC75C3 /* PBXContainerItemProxy */ = {
			isa = PBXContainerItemProxy;
			containerPortal = 10A537EA1A966B1E00FC75C3 /* Project object */;
			proxyType = 1;
			remoteGlobalIDString = 10A537F11A966B1E00FC75C3;
			remoteInfo = Mailboxish;
		};
/* End PBXContainerItemProxy section */

/* Begin PBXFileReference section */
		10A537F21A966B1E00FC75C3 /* Mailboxish.app */ = {isa = PBXFileReference; explicitFileType = wrapper.application; includeInIndex = 0; path = Mailboxish.app; sourceTree = BUILT_PRODUCTS_DIR; };
		10A537F61A966B1E00FC75C3 /* Info.plist */ = {isa = PBXFileReference; lastKnownFileType = text.plist.xml; path = Info.plist; sourceTree = "<group>"; };
		10A537F71A966B1E00FC75C3 /* AppDelegate.swift */ = {isa = PBXFileReference; lastKnownFileType = sourcecode.swift; path = AppDelegate.swift; sourceTree = "<group>"; };
		10A537F91A966B1E00FC75C3 /* ViewController.swift */ = {isa = PBXFileReference; lastKnownFileType = sourcecode.swift; path = ViewController.swift; sourceTree = "<group>"; };
		10A537FC1A966B1E00FC75C3 /* Base */ = {isa = PBXFileReference; lastKnownFileType = file.storyboard; name = Base; path = Base.lproj/Main.storyboard; sourceTree = "<group>"; };
		10A537FE1A966B1E00FC75C3 /* Images.xcassets */ = {isa = PBXFileReference; lastKnownFileType = folder.assetcatalog; path = Images.xcassets; sourceTree = "<group>"; };
		10A538011A966B1E00FC75C3 /* Base */ = {isa = PBXFileReference; lastKnownFileType = file.xib; name = Base; path = Base.lproj/LaunchScreen.xib; sourceTree = "<group>"; };
		10A538071A966B1E00FC75C3 /* MailboxishTests.xctest */ = {isa = PBXFileReference; explicitFileType = wrapper.cfbundle; includeInIndex = 0; path = MailboxishTests.xctest; sourceTree = BUILT_PRODUCTS_DIR; };
		10A5380C1A966B1E00FC75C3 /* Info.plist */ = {isa = PBXFileReference; lastKnownFileType = text.plist.xml; path = Info.plist; sourceTree = "<group>"; };
		10A5380D1A966B1E00FC75C3 /* MailboxishTests.swift */ = {isa = PBXFileReference; lastKnownFileType = sourcecode.swift; path = MailboxishTests.swift; sourceTree = "<group>"; };
		10A538171A966B8D00FC75C3 /* MailboxViewController.swift */ = {isa = PBXFileReference; fileEncoding = 4; lastKnownFileType = sourcecode.swift; path = MailboxViewController.swift; sourceTree = "<group>"; };
/* End PBXFileReference section */

/* Begin PBXFrameworksBuildPhase section */
		10A537EF1A966B1E00FC75C3 /* Frameworks */ = {
			isa = PBXFrameworksBuildPhase;
			buildActionMask = 2147483647;
			files = (
			);
			runOnlyForDeploymentPostprocessing = 0;
		};
		10A538041A966B1E00FC75C3 /* Frameworks */ = {
			isa = PBXFrameworksBuildPhase;
			buildActionMask = 2147483647;
			files = (
			);
			runOnlyForDeploymentPostprocessing = 0;
		};
/* End PBXFrameworksBuildPhase section */

/* Begin PBXGroup section */
		10A537E91A966B1E00FC75C3 = {
			isa = PBXGroup;
			children = (
				10A537F41A966B1E00FC75C3 /* Mailboxish */,
				10A5380A1A966B1E00FC75C3 /* MailboxishTests */,
				10A537F31A966B1E00FC75C3 /* Products */,
			);
			sourceTree = "<group>";
		};
		10A537F31A966B1E00FC75C3 /* Products */ = {
			isa = PBXGroup;
			children = (
				10A537F21A966B1E00FC75C3 /* Mailboxish.app */,
				10A538071A966B1E00FC75C3 /* MailboxishTests.xctest */,
			);
			name = Products;
			sourceTree = "<group>";
		};
		10A537F41A966B1E00FC75C3 /* Mailboxish */ = {
			isa = PBXGroup;
			children = (
				10A537F71A966B1E00FC75C3 /* AppDelegate.swift */,
				10A537F91A966B1E00FC75C3 /* ViewController.swift */,
				10A537FB1A966B1E00FC75C3 /* Main.storyboard */,
				10A538171A966B8D00FC75C3 /* MailboxViewController.swift */,
				10A537FE1A966B1E00FC75C3 /* Images.xcassets */,
				10A538001A966B1E00FC75C3 /* LaunchScreen.xib */,
				10A537F51A966B1E00FC75C3 /* Supporting Files */,
			);
			path = Mailboxish;
			sourceTree = "<group>";
		};
		10A537F51A966B1E00FC75C3 /* Supporting Files */ = {
			isa = PBXGroup;
			children = (
				10A537F61A966B1E00FC75C3 /* Info.plist */,
			);
			name = "Supporting Files";
			sourceTree = "<group>";
		};
		10A5380A1A966B1E00FC75C3 /* MailboxishTests */ = {
			isa = PBXGroup;
			children = (
				10A5380D1A966B1E00FC75C3 /* MailboxishTests.swift */,
				10A5380B1A966B1E00FC75C3 /* Supporting Files */,
			);
			path = MailboxishTests;
			sourceTree = "<group>";
		};
		10A5380B1A966B1E00FC75C3 /* Supporting Files */ = {
			isa = PBXGroup;
			children = (
				10A5380C1A966B1E00FC75C3 /* Info.plist */,
			);
			name = "Supporting Files";
			sourceTree = "<group>";
		};
/* End PBXGroup section */

/* Begin PBXNativeTarget section */
		10A537F11A966B1E00FC75C3 /* Mailboxish */ = {
			isa = PBXNativeTarget;
			buildConfigurationList = 10A538111A966B1E00FC75C3 /* Build configuration list for PBXNativeTarget "Mailboxish" */;
			buildPhases = (
				10A537EE1A966B1E00FC75C3 /* Sources */,
				10A537EF1A966B1E00FC75C3 /* Frameworks */,
				10A537F01A966B1E00FC75C3 /* Resources */,
			);
			buildRules = (
			);
			dependencies = (
			);
			name = Mailboxish;
			productName = Mailboxish;
			productReference = 10A537F21A966B1E00FC75C3 /* Mailboxish.app */;
			productType = "com.apple.product-type.application";
		};
		10A538061A966B1E00FC75C3 /* MailboxishTests */ = {
			isa = PBXNativeTarget;
			buildConfigurationList = 10A538141A966B1E00FC75C3 /* Build configuration list for PBXNativeTarget "MailboxishTests" */;
			buildPhases = (
				10A538031A966B1E00FC75C3 /* Sources */,
				10A538041A966B1E00FC75C3 /* Frameworks */,
				10A538051A966B1E00FC75C3 /* Resources */,
			);
			buildRules = (
			);
			dependencies = (
				10A538091A966B1E00FC75C3 /* PBXTargetDependency */,
			);
			name = MailboxishTests;
			productName = MailboxishTests;
			productReference = 10A538071A966B1E00FC75C3 /* MailboxishTests.xctest */;
			productType = "com.apple.product-type.bundle.unit-test";
		};
/* End PBXNativeTarget section */

/* Begin PBXProject section */
		10A537EA1A966B1E00FC75C3 /* Project object */ = {
			isa = PBXProject;
			attributes = {
				LastUpgradeCheck = 0610;
				ORGANIZATIONNAME = codepath;
				TargetAttributes = {
					10A537F11A966B1E00FC75C3 = {
						CreatedOnToolsVersion = 6.1.1;
					};
					10A538061A966B1E00FC75C3 = {
						CreatedOnToolsVersion = 6.1.1;
						TestTargetID = 10A537F11A966B1E00FC75C3;
					};
				};
			};
			buildConfigurationList = 10A537ED1A966B1E00FC75C3 /* Build configuration list for PBXProject "Mailboxish" */;
			compatibilityVersion = "Xcode 3.2";
			developmentRegion = English;
			hasScannedForEncodings = 0;
			knownRegions = (
				en,
				Base,
			);
			mainGroup = 10A537E91A966B1E00FC75C3;
			productRefGroup = 10A537F31A966B1E00FC75C3 /* Products */;
			projectDirPath = "";
			projectRoot = "";
			targets = (
				10A537F11A966B1E00FC75C3 /* Mailboxish */,
				10A538061A966B1E00FC75C3 /* MailboxishTests */,
			);
		};
/* End PBXProject section */

/* Begin PBXResourcesBuildPhase section */
		10A537F01A966B1E00FC75C3 /* Resources */ = {
			isa = PBXResourcesBuildPhase;
			buildActionMask = 2147483647;
			files = (
				10A537FD1A966B1E00FC75C3 /* Main.storyboard in Resources */,
				10A538021A966B1E00FC75C3 /* LaunchScreen.xib in Resources */,
				10A537FF1A966B1E00FC75C3 /* Images.xcassets in Resources */,
			);
			runOnlyForDeploymentPostprocessing = 0;
		};
		10A538051A966B1E00FC75C3 /* Resources */ = {
			isa = PBXResourcesBuildPhase;
			buildActionMask = 2147483647;
			files = (
			);
			runOnlyForDeploymentPostprocessing = 0;
		};
/* End PBXResourcesBuildPhase section */

/* Begin PBXSourcesBuildPhase section */
		10A537EE1A966B1E00FC75C3 /* Sources */ = {
			isa = PBXSourcesBuildPhase;
			buildActionMask = 2147483647;
			files = (
				10A537FA1A966B1E00FC75C3 /* ViewController.swift in Sources */,
				10A537F81A966B1E00FC75C3 /* AppDelegate.swift in Sources */,
				10A538181A966B8D00FC75C3 /* MailboxViewController.swift in Sources */,
			);
			runOnlyForDeploymentPostprocessing = 0;
		};
		10A538031A966B1E00FC75C3 /* Sources */ = {
			isa = PBXSourcesBuildPhase;
			buildActionMask = 2147483647;
			files = (
				10A5380E1A966B1E00FC75C3 /* MailboxishTests.swift in Sources */,
			);
			runOnlyForDeploymentPostprocessing = 0;
		};
/* End PBXSourcesBuildPhase section */

/* Begin PBXTargetDependency section */
		10A538091A966B1E00FC75C3 /* PBXTargetDependency */ = {
			isa = PBXTargetDependency;
			target = 10A537F11A966B1E00FC75C3 /* Mailboxish */;
			targetProxy = 10A538081A966B1E00FC75C3 /* PBXContainerItemProxy */;
		};
/* End PBXTargetDependency section */

/* Begin PBXVariantGroup section */
		10A537FB1A966B1E00FC75C3 /* Main.storyboard */ = {
			isa = PBXVariantGroup;
			children = (
				10A537FC1A966B1E00FC75C3 /* Base */,
			);
			name = Main.storyboard;
			sourceTree = "<group>";
		};
		10A538001A966B1E00FC75C3 /* LaunchScreen.xib */ = {
			isa = PBXVariantGroup;
			children = (
				10A538011A966B1E00FC75C3 /* Base */,
			);
			name = LaunchScreen.xib;
			sourceTree = "<group>";
		};
/* End PBXVariantGroup section */

/* Begin XCBuildConfiguration section */
		10A5380F1A966B1E00FC75C3 /* Debug */ = {
			isa = XCBuildConfiguration;
			buildSettings = {
				ALWAYS_SEARCH_USER_PATHS = NO;
				CLANG_CXX_LANGUAGE_STANDARD = "gnu++0x";
				CLANG_CXX_LIBRARY = "libc++";
				CLANG_ENABLE_MODULES = YES;
				CLANG_ENABLE_OBJC_ARC = YES;
				CLANG_WARN_BOOL_CONVERSION = YES;
				CLANG_WARN_CONSTANT_CONVERSION = YES;
				CLANG_WARN_DIRECT_OBJC_ISA_USAGE = YES_ERROR;
				CLANG_WARN_EMPTY_BODY = YES;
				CLANG_WARN_ENUM_CONVERSION = YES;
				CLANG_WARN_INT_CONVERSION = YES;
				CLANG_WARN_OBJC_ROOT_CLASS = YES_ERROR;
				CLANG_WARN_UNREACHABLE_CODE = YES;
				CLANG_WARN__DUPLICATE_METHOD_MATCH = YES;
				"CODE_SIGN_IDENTITY[sdk=iphoneos*]" = "iPhone Developer";
				COPY_PHASE_STRIP = NO;
				ENABLE_STRICT_OBJC_MSGSEND = YES;
				GCC_C_LANGUAGE_STANDARD = gnu99;
				GCC_DYNAMIC_NO_PIC = NO;
				GCC_OPTIMIZATION_LEVEL = 0;
				GCC_PREPROCESSOR_DEFINITIONS = (
					"DEBUG=1",
					"$(inherited)",
				);
				GCC_SYMBOLS_PRIVATE_EXTERN = NO;
				GCC_WARN_64_TO_32_BIT_CONVERSION = YES;
				GCC_WARN_ABOUT_RETURN_TYPE = YES_ERROR;
				GCC_WARN_UNDECLARED_SELECTOR = YES;
				GCC_WARN_UNINITIALIZED_AUTOS = YES_AGGRESSIVE;
				GCC_WARN_UNUSED_FUNCTION = YES;
				GCC_WARN_UNUSED_VARIABLE = YES;
				IPHONEOS_DEPLOYMENT_TARGET = 8.1;
				MTL_ENABLE_DEBUG_INFO = YES;
				ONLY_ACTIVE_ARCH = YES;
				SDKROOT = iphoneos;
				SWIFT_OPTIMIZATION_LEVEL = "-Onone";
			};
			name = Debug;
		};
		10A538101A966B1E00FC75C3 /* Release */ = {
			isa = XCBuildConfiguration;
			buildSettings = {
				ALWAYS_SEARCH_USER_PATHS = NO;
				CLANG_CXX_LANGUAGE_STANDARD = "gnu++0x";
				CLANG_CXX_LIBRARY = "libc++";
				CLANG_ENABLE_MODULES = YES;
				CLANG_ENABLE_OBJC_ARC = YES;
				CLANG_WARN_BOOL_CONVERSION = YES;
				CLANG_WARN_CONSTANT_CONVERSION = YES;
				CLANG_WARN_DIRECT_OBJC_ISA_USAGE = YES_ERROR;
				CLANG_WARN_EMPTY_BODY = YES;
				CLANG_WARN_ENUM_CONVERSION = YES;
				CLANG_WARN_INT_CONVERSION = YES;
				CLANG_WARN_OBJC_ROOT_CLASS = YES_ERROR;
				CLANG_WARN_UNREACHABLE_CODE = YES;
				CLANG_WARN__DUPLICATE_METHOD_MATCH = YES;
				"CODE_SIGN_IDENTITY[sdk=iphoneos*]" = "iPhone Developer";
				COPY_PHASE_STRIP = YES;
				ENABLE_NS_ASSERTIONS = NO;
				ENABLE_STRICT_OBJC_MSGSEND = YES;
				GCC_C_LANGUAGE_STANDARD = gnu99;
				GCC_WARN_64_TO_32_BIT_CONVERSION = YES;
				GCC_WARN_ABOUT_RETURN_TYPE = YES_ERROR;
				GCC_WARN_UNDECLARED_SELECTOR = YES;
				GCC_WARN_UNINITIALIZED_AUTOS = YES_AGGRESSIVE;
				GCC_WARN_UNUSED_FUNCTION = YES;
				GCC_WARN_UNUSED_VARIABLE = YES;
				IPHONEOS_DEPLOYMENT_TARGET = 8.1;
				MTL_ENABLE_DEBUG_INFO = NO;
				SDKROOT = iphoneos;
				VALIDATE_PRODUCT = YES;
			};
			name = Release;
		};
		10A538121A966B1E00FC75C3 /* Debug */ = {
			isa = XCBuildConfiguration;
			buildSettings = {
				ASSETCATALOG_COMPILER_APPICON_NAME = AppIcon;
				INFOPLIST_FILE = Mailboxish/Info.plist;
				LD_RUNPATH_SEARCH_PATHS = "$(inherited) @executable_path/Frameworks";
				PRODUCT_NAME = "$(TARGET_NAME)";
			};
			name = Debug;
		};
		10A538131A966B1E00FC75C3 /* Release */ = {
			isa = XCBuildConfiguration;
			buildSettings = {
				ASSETCATALOG_COMPILER_APPICON_NAME = AppIcon;
				INFOPLIST_FILE = Mailboxish/Info.plist;
				LD_RUNPATH_SEARCH_PATHS = "$(inherited) @executable_path/Frameworks";
				PRODUCT_NAME = "$(TARGET_NAME)";
			};
			name = Release;
		};
		10A538151A966B1E00FC75C3 /* Debug */ = {
			isa = XCBuildConfiguration;
			buildSettings = {
				BUNDLE_LOADER = "$(TEST_HOST)";
				FRAMEWORK_SEARCH_PATHS = (
					"$(SDKROOT)/Developer/Library/Frameworks",
					"$(inherited)",
				);
				GCC_PREPROCESSOR_DEFINITIONS = (
					"DEBUG=1",
					"$(inherited)",
				);
				INFOPLIST_FILE = MailboxishTests/Info.plist;
				LD_RUNPATH_SEARCH_PATHS = "$(inherited) @executable_path/Frameworks @loader_path/Frameworks";
				PRODUCT_NAME = "$(TARGET_NAME)";
				TEST_HOST = "$(BUILT_PRODUCTS_DIR)/Mailboxish.app/Mailboxish";
			};
			name = Debug;
		};
		10A538161A966B1E00FC75C3 /* Release */ = {
			isa = XCBuildConfiguration;
			buildSettings = {
				BUNDLE_LOADER = "$(TEST_HOST)";
				FRAMEWORK_SEARCH_PATHS = (
					"$(SDKROOT)/Developer/Library/Frameworks",
					"$(inherited)",
				);
				INFOPLIST_FILE = MailboxishTests/Info.plist;
				LD_RUNPATH_SEARCH_PATHS = "$(inherited) @executable_path/Frameworks @loader_path/Frameworks";
				PRODUCT_NAME = "$(TARGET_NAME)";
				TEST_HOST = "$(BUILT_PRODUCTS_DIR)/Mailboxish.app/Mailboxish";
			};
			name = Release;
		};
/* End XCBuildConfiguration section */

/* Begin XCConfigurationList section */
		10A537ED1A966B1E00FC75C3 /* Build configuration list for PBXProject "Mailboxish" */ = {
			isa = XCConfigurationList;
			buildConfigurations = (
				10A5380F1A966B1E00FC75C3 /* Debug */,
				10A538101A966B1E00FC75C3 /* Release */,
			);
			defaultConfigurationIsVisible = 0;
			defaultConfigurationName = Release;
		};
		10A538111A966B1E00FC75C3 /* Build configuration list for PBXNativeTarget "Mailboxish" */ = {
			isa = XCConfigurationList;
			buildConfigurations = (
				10A538121A966B1E00FC75C3 /* Debug */,
				10A538131A966B1E00FC75C3 /* Release */,
			);
			defaultConfigurationIsVisible = 0;
		};
		10A538141A966B1E00FC75C3 /* Build configuration list for PBXNativeTarget "MailboxishTests" */ = {
			isa = XCConfigurationList;
			buildConfigurations = (
				10A538151A966B1E00FC75C3 /* Debug */,
				10A538161A966B1E00FC75C3 /* Release */,
			);
			defaultConfigurationIsVisible = 0;
		};
/* End XCConfigurationList section */
	};
	rootObject = 10A537EA1A966B1E00FC75C3 /* Project object */;
}
